// !$*UTF8*$!
{
	archiveVersion = 1;
	classes = {
	};
	objectVersion = 56;
	objects = {

/* Begin PBXFileReference section */
		5D5E2F1C2B7C900F008663AB /* index.html */ = {isa = PBXFileReference; lastKnownFileType = text.html; path = index.html; sourceTree = "<group>"; };
/* End PBXFileReference section */

/* Begin PBXGroup section */
		5D5E2F152B7C8FE0008663AB = {
			isa = PBXGroup;
			children = (
				5D5E2F1C2B7C900F008663AB /* index.html */,
			);
			sourceTree = "<group>";
		};
/* End PBXGroup section */

/* Begin PBXProject section */
		5D5E2F162B7C8FE0008663AB /* Project object */ = {
			isa = PBXProject;
			attributes = {
				BuildIndependentTargetsInParallel = 1;
				LastUpgradeCheck = 1520;
			};
			buildConfigurationList = 5D5E2F192B7C8FE0008663AB /* Build configuration list for PBXProject "Webstie" */;
			compatibilityVersion = "Xcode 14.0";
			developmentRegion = en;
			hasScannedForEncodings = 0;
			knownRegions = (
				en,
				Base,
			);
			mainGroup = 5D5E2F152B7C8FE0008663AB;
			projectDirPath = "";
			projectRoot = "";
			targets = (
			);
		};
/* End PBXProject section */

/* Begin XCBuildConfiguration section */
		5D5E2F1A2B7C8FE0008663AB /* Debug */ = {
			isa = XCBuildConfiguration;
			buildSettings = {
			};
			name = Debug;
		};
		5D5E2F1B2B7C8FE0008663AB /* Release */ = {
			isa = XCBuildConfiguration;
			buildSettings = {
			};
			name = Release;
		};
/* End XCBuildConfiguration section */

/* Begin XCConfigurationList section */
		5D5E2F192B7C8FE0008663AB /* Build configuration list for PBXProject "Webstie" */ = {
			isa = XCConfigurationList;
			buildConfigurations = (
				5D5E2F1A2B7C8FE0008663AB /* Debug */,
				5D5E2F1B2B7C8FE0008663AB /* Release */,
			);
			defaultConfigurationIsVisible = 0;
			defaultConfigurationName = Release;
		};
/* End XCConfigurationList section */
	};
	rootObject = 5D5E2F162B7C8FE0008663AB /* Project object */;
}
